
Microsoft Visual Studio Solution File, Format Version 12.00
# Visual Studio Version 16
VisualStudioVersion = 16.0.30611.23
MinimumVisualStudioVersion = 10.0.40219.1
Project("{FAE04EC0-301F-11D3-BF4B-00C04F79EFBC}") = "Birth Date String", "Birth Date String\Birth Date String.csproj", "{48ACC775-7623-4A26-AE94-9E4D9CAEBBEB}"
EndProject
Global
	GlobalSection(SolutionConfigurationPlatforms) = preSolution
		Debug|Any CPU = Debug|Any CPU
		Release|Any CPU = Release|Any CPU
	EndGlobalSection
	GlobalSection(ProjectConfigurationPlatforms) = postSolution
		{48ACC775-7623-4A26-AE94-9E4D9CAEBBEB}.Debug|Any CPU.ActiveCfg = Debug|Any CPU
		{48ACC775-7623-4A26-AE94-9E4D9CAEBBEB}.Debug|Any CPU.Build.0 = Debug|Any CPU
		{48ACC775-7623-4A26-AE94-9E4D9CAEBBEB}.Release|Any CPU.ActiveCfg = Release|Any CPU
		{48ACC775-7623-4A26-AE94-9E4D9CAEBBEB}.Release|Any CPU.Build.0 = Release|Any CPU
	EndGlobalSection
	GlobalSection(SolutionProperties) = preSolution
		HideSolutionNode = FALSE
	EndGlobalSection
	GlobalSection(ExtensibilityGlobals) = postSolution
		SolutionGuid = {D4188C02-B785-4FA6-A758-19EDEA34E8DA}
	EndGlobalSection
EndGlobal
