
Microsoft Visual Studio Solution File, Format Version 12.00
# Visual Studio Version 16
VisualStudioVersion = 16.0.30621.155
MinimumVisualStudioVersion = 10.0.40219.1
Project("{FAE04EC0-301F-11D3-BF4B-00C04F79EFBC}") = "Exercise 5", "Exercise 5\Exercise 5.csproj", "{E1980239-247D-49A4-A465-156A15033C87}"
EndProject
Global
	GlobalSection(SolutionConfigurationPlatforms) = preSolution
		Debug|Any CPU = Debug|Any CPU
		Release|Any CPU = Release|Any CPU
	EndGlobalSection
	GlobalSection(ProjectConfigurationPlatforms) = postSolution
		{E1980239-247D-49A4-A465-156A15033C87}.Debug|Any CPU.ActiveCfg = Debug|Any CPU
		{E1980239-247D-49A4-A465-156A15033C87}.Debug|Any CPU.Build.0 = Debug|Any CPU
		{E1980239-247D-49A4-A465-156A15033C87}.Release|Any CPU.ActiveCfg = Release|Any CPU
		{E1980239-247D-49A4-A465-156A15033C87}.Release|Any CPU.Build.0 = Release|Any CPU
	EndGlobalSection
	GlobalSection(SolutionProperties) = preSolution
		HideSolutionNode = FALSE
	EndGlobalSection
	GlobalSection(ExtensibilityGlobals) = postSolution
		SolutionGuid = {54CEC629-CF82-441F-B474-11578A08310B}
	EndGlobalSection
EndGlobal
